
Microsoft Visual Studio Solution File, Format Version 12.00
# Visual Studio Version 17
VisualStudioVersion = 17.2.32630.192
MinimumVisualStudioVersion = 10.0.40219.1
Project("{9A19103F-16F7-4668-BE54-9A1E7A4F7556}") = "Programmin2_classroom.Server", "Server\Programmin2_classroom.Server.csproj", "{1F2D5CF0-ECF9-4176-B25A-F7A8D4BC5811}"
EndProject
Project("{9A19103F-16F7-4668-BE54-9A1E7A4F7556}") = "Programmin2_classroom.Client", "Client\Programmin2_classroom.Client.csproj", "{B91309A3-1F0B-4BD5-BF51-098A287730AD}"
EndProject
Project("{9A19103F-16F7-4668-BE54-9A1E7A4F7556}") = "Programmin2_classroom.Shared", "Shared\Programmin2_classroom.Shared.csproj", "{0E6307E3-2C84-4654-98A3-7B730F6DE8D1}"
EndProject
Global
	GlobalSection(SolutionConfigurationPlatforms) = preSolution
		Debug|Any CPU = Debug|Any CPU
		Release|Any CPU = Release|Any CPU
	EndGlobalSection
	GlobalSection(ProjectConfigurationPlatforms) = postSolution
		{1F2D5CF0-ECF9-4176-B25A-F7A8D4BC5811}.Debug|Any CPU.ActiveCfg = Debug|Any CPU
		{1F2D5CF0-ECF9-4176-B25A-F7A8D4BC5811}.Debug|Any CPU.Build.0 = Debug|Any CPU
		{1F2D5CF0-ECF9-4176-B25A-F7A8D4BC5811}.Release|Any CPU.ActiveCfg = Release|Any CPU
		{1F2D5CF0-ECF9-4176-B25A-F7A8D4BC5811}.Release|Any CPU.Build.0 = Release|Any CPU
		{B91309A3-1F0B-4BD5-BF51-098A287730AD}.Debug|Any CPU.ActiveCfg = Debug|Any CPU
		{B91309A3-1F0B-4BD5-BF51-098A287730AD}.Debug|Any CPU.Build.0 = Debug|Any CPU
		{B91309A3-1F0B-4BD5-BF51-098A287730AD}.Release|Any CPU.ActiveCfg = Release|Any CPU
		{B91309A3-1F0B-4BD5-BF51-098A287730AD}.Release|Any CPU.Build.0 = Release|Any CPU
		{0E6307E3-2C84-4654-98A3-7B730F6DE8D1}.Debug|Any CPU.ActiveCfg = Debug|Any CPU
		{0E6307E3-2C84-4654-98A3-7B730F6DE8D1}.Debug|Any CPU.Build.0 = Debug|Any CPU
		{0E6307E3-2C84-4654-98A3-7B730F6DE8D1}.Release|Any CPU.ActiveCfg = Release|Any CPU
		{0E6307E3-2C84-4654-98A3-7B730F6DE8D1}.Release|Any CPU.Build.0 = Release|Any CPU
	EndGlobalSection
	GlobalSection(SolutionProperties) = preSolution
		HideSolutionNode = FALSE
	EndGlobalSection
	GlobalSection(ExtensibilityGlobals) = postSolution
		SolutionGuid = {C69B6E1E-B6D2-43EC-9BBE-BD56CBA0EE7E}
	EndGlobalSection
EndGlobal
